
Microsoft Visual Studio Solution File, Format Version 12.00
# Visual Studio Version 17
VisualStudioVersion = 17.14.36203.30
MinimumVisualStudioVersion = 10.0.40219.1
Project("{FAE04EC0-301F-11D3-BF4B-00C04F79EFBC}") = "Ecommerce.Domain", "Ecommerce.Domain\Ecommerce.Domain.csproj", "{B2FA5DD5-E785-4ABF-B141-B0393BA9E2B6}"
EndProject
Project("{FAE04EC0-301F-11D3-BF4B-00C04F79EFBC}") = "Ecommerce.Application", "Ecommerce.Application\Ecommerce.Application.csproj", "{F9ACA396-F337-4909-BCC6-34CDFE391E8E}"
EndProject
Project("{FAE04EC0-301F-11D3-BF4B-00C04F79EFBC}") = "Ecommerce.Infrastructure", "Ecommerce.Infrastructure\Ecommerce.Infrastructure.csproj", "{4D9565E9-9D82-42A9-9001-9257DD8829EF}"
EndProject
Project("{FAE04EC0-301F-11D3-BF4B-00C04F79EFBC}") = "Ecommerce.WebApi", "Ecommerce.WebApi\Ecommerce.WebApi.csproj", "{E9BA0FF6-2D78-4AFA-A0B7-82A8E3FB9576}"
EndProject
Global
	GlobalSection(SolutionConfigurationPlatforms) = preSolution
		Debug|Any CPU = Debug|Any CPU
		Release|Any CPU = Release|Any CPU
	EndGlobalSection
	GlobalSection(ProjectConfigurationPlatforms) = postSolution
		{B2FA5DD5-E785-4ABF-B141-B0393BA9E2B6}.Debug|Any CPU.ActiveCfg = Debug|Any CPU
		{B2FA5DD5-E785-4ABF-B141-B0393BA9E2B6}.Debug|Any CPU.Build.0 = Debug|Any CPU
		{B2FA5DD5-E785-4ABF-B141-B0393BA9E2B6}.Release|Any CPU.ActiveCfg = Release|Any CPU
		{B2FA5DD5-E785-4ABF-B141-B0393BA9E2B6}.Release|Any CPU.Build.0 = Release|Any CPU
		{F9ACA396-F337-4909-BCC6-34CDFE391E8E}.Debug|Any CPU.ActiveCfg = Debug|Any CPU
		{F9ACA396-F337-4909-BCC6-34CDFE391E8E}.Debug|Any CPU.Build.0 = Debug|Any CPU
		{F9ACA396-F337-4909-BCC6-34CDFE391E8E}.Release|Any CPU.ActiveCfg = Release|Any CPU
		{F9ACA396-F337-4909-BCC6-34CDFE391E8E}.Release|Any CPU.Build.0 = Release|Any CPU
		{4D9565E9-9D82-42A9-9001-9257DD8829EF}.Debug|Any CPU.ActiveCfg = Debug|Any CPU
		{4D9565E9-9D82-42A9-9001-9257DD8829EF}.Debug|Any CPU.Build.0 = Debug|Any CPU
		{4D9565E9-9D82-42A9-9001-9257DD8829EF}.Release|Any CPU.ActiveCfg = Release|Any CPU
		{4D9565E9-9D82-42A9-9001-9257DD8829EF}.Release|Any CPU.Build.0 = Release|Any CPU
		{E9BA0FF6-2D78-4AFA-A0B7-82A8E3FB9576}.Debug|Any CPU.ActiveCfg = Debug|Any CPU
		{E9BA0FF6-2D78-4AFA-A0B7-82A8E3FB9576}.Debug|Any CPU.Build.0 = Debug|Any CPU
		{E9BA0FF6-2D78-4AFA-A0B7-82A8E3FB9576}.Release|Any CPU.ActiveCfg = Release|Any CPU
		{E9BA0FF6-2D78-4AFA-A0B7-82A8E3FB9576}.Release|Any CPU.Build.0 = Release|Any CPU
	EndGlobalSection
	GlobalSection(SolutionProperties) = preSolution
		HideSolutionNode = FALSE
	EndGlobalSection
	GlobalSection(ExtensibilityGlobals) = postSolution
		SolutionGuid = {38894D78-040F-4B17-8936-17CD268CE2B1}
	EndGlobalSection
EndGlobal
